{
  "version": 2,
  "dependencies": {
    "net10.0": {
      "Watson": {
        "type": "Direct",
        "requested": "[7.0.15, )",
        "resolved": "7.0.15",
        "contentHash": "G4eG3QYLOnn1m/UgjpIt5sNIqbhJisze9QHWpReLMHE2vXXIo7B41RZTnlCtaCqCaT6wmDgRxlDJTLXyQBbB3w==",
        "dependencies": {
          "IpMatcher": "1.0.5",
          "RegexMatcher": "1.0.9",
          "Timestamps": "1.0.12",
          "UrlMatcher": "3.0.2"
        }
      },
      "IpMatcher": {
        "type": "Transitive",
        "resolved": "1.0.5",
        "contentHash": "WXNlWERj+0GN699AnMNsuJ7PfUAbU4xhOHP3nrNXLHqbOaBxybu25luSYywX1133NSlitA4YkSNmJuyPvea4sw=="
      },
      "Konscious.Security.Cryptography.Blake2": {
        "type": "Transitive",
        "resolved": "1.1.1",
        "contentHash": "odwOyzj/J/lHJZNwFWJGU/LRecBShupAJ2S8TQqZfhUe9niHzu/voBYK5wuVKsvSpzbfupKQYZguVyIk1sgOkQ=="
      },
      "RegexMatcher": {
        "type": "Transitive",
        "resolved": "1.0.9",
        "contentHash": "RkQGXIrqHjD5h1mqefhgCbkaSdRYNRG5rrbzyw5zeLWiS0K1wq9xR3cNhQdzYR2MsKZ3GN523yRUsEQIMPxh3Q=="
      },
      "runtime.android-arm.runtime.native.System.IO.Ports": {
        "type": "Transitive",
        "resolved": "10.0.0",
        "contentHash": "ehgGD1p2lNdYs/4xC1pqB8Cmuqq/c7YWOu+6YRZNpwgebcPyjzVNU2yjgBxHce4ER28hNT4DTeODr35xIHv+cw=="
      },
      "runtime.android-arm64.runtime.native.System.IO.Ports": {
        "type": "Transitive",
        "resolved": "10.0.0",
        "contentHash": "+LI5JP5YDzXvuYP5XHnEFURgGVb0misSYb2vYPcrTq7xH8EF8wp8N3fAU3IGJ2eeJ1KzvtVmsuQok+ZTrmooww=="
      },
      "runtime.android-x64.runtime.native.System.IO.Ports": {
        "type": "Transitive",
        "resolved": "10.0.0",
        "contentHash": "7wsbMw7Qaw5e2CittVwAO3Zub8ZNMG5fJrr3/8fVfMuyR1QaAYe0cbqmltTpstbiSK8G8yQDWCj3rJnre6ffXw=="
      },
      "runtime.android-x86.runtime.native.System.IO.Ports": {
        "type": "Transitive",
        "resolved": "10.0.0",
        "contentHash": "ZVKPUs3xVKzDQaVYnetP4BDuy1sdbtydaFZpiGIpmiczLfnVPqB0ddMShrJ1fQk1aM7tPcst/KzwUHjPqgijlQ=="
      },
      "runtime.linux-arm.runtime.native.System.IO.Ports": {
        "type": "Transitive",
        "resolved": "10.0.0",
        "contentHash": "IA5+Djaq6B6QRfO1x7qS0LoB7Cw/46c18zs98cP0Se+gpaUciJxSsBAl9PAPbfEIK5cADW5ecNvtGvNtk7S1Mg=="
      },
      "runtime.linux-arm64.runtime.native.System.IO.Ports": {
        "type": "Transitive",
        "resolved": "10.0.0",
        "contentHash": "G2udW9Ej7OYIPjgvcb+K6ooeU/84PqHnxMg8/vz1SHmCCLpEvCYS4W73MoL/Lqz28fJ1Pehy6cShp8DKKGbBPg=="
      },
      "runtime.linux-bionic-arm64.runtime.native.System.IO.Ports": {
        "type": "Transitive",
        "resolved": "10.0.0",
        "contentHash": "yXj5BTjwpjnZhkyC1JZLbMdMh6tamF3qjac7DAHQa/qM8ICqjxK5F6duS3i0OnWPaZBZUKkpP1dyZ8FeL7GsKQ=="
      },
      "runtime.linux-bionic-x64.runtime.native.System.IO.Ports": {
        "type": "Transitive",
        "resolved": "10.0.0",
        "contentHash": "nxCe45MUNmsCLhgIn2Catvf25ipmHzTBoXUfkjsl97o2RJXl5PSjx2jiYvJIz8O9Zx7mRGBBtgvLtpLDm1Ci3g=="
      },
      "runtime.linux-musl-arm.runtime.native.System.IO.Ports": {
        "type": "Transitive",
        "resolved": "10.0.0",
        "contentHash": "PK0gGqX/FrLP+fv5c+56s36bqQu8umGt2h1L5ze1rqioYb1NErZg3D+zA4s45pHLDupJ7vmlvLo72DLFPAnzow=="
      },
      "runtime.linux-musl-arm64.runtime.native.System.IO.Ports": {
        "type": "Transitive",
        "resolved": "10.0.0",
        "contentHash": "kGmMJHJIairC0znRxMY8l8dovr7mpqb1wTRT0k/H0pHUYMC0yWyBxPQ6Jhss/tevazLYJG+kfsNw8oouF2pyvQ=="
      },
      "runtime.linux-musl-x64.runtime.native.System.IO.Ports": {
        "type": "Transitive",
        "resolved": "10.0.0",
        "contentHash": "dUvttlipSsyfqgmGkdzsBTSwDA92r7NIL860jIGlaZ31kY7vGGxa9EeR9Y//vj5JmIcRVMhoe69u2t1pITPHTQ=="
      },
      "runtime.linux-x64.runtime.native.System.IO.Ports": {
        "type": "Transitive",
        "resolved": "10.0.0",
        "contentHash": "BYU08iO5Ey9oGMxSXCrsmEHkT51SifbIL8yBCD7e59P90tZzxpzm89j+guGsb24+qbiwOlCQmpi10dgWn6VmWg=="
      },
      "runtime.maccatalyst-arm64.runtime.native.System.IO.Ports": {
        "type": "Transitive",
        "resolved": "10.0.0",
        "contentHash": "DGVYub3vzhIXntukgOH18NOs6O6Y0PivftW/DYJZQs4lrA/zIUWs7DFXdY4D+4dcJjKBweb5qp4uRIko/vtodQ=="
      },
      "runtime.maccatalyst-x64.runtime.native.System.IO.Ports": {
        "type": "Transitive",
        "resolved": "10.0.0",
        "contentHash": "h+H9WlpBbG1b3ZcnjaRdV1avmz1mOWvkjGoXlYh+brPPT3XpP2KWtTOLAz/3JpQe49LwGq+rOX8GwbzQvUpdkA=="
      },
      "runtime.native.System.IO.Ports": {
        "type": "Transitive",
        "resolved": "10.0.0",
        "contentHash": "xL+e2TzXMx4Ts/TVo/v6MbNtKPc3OASCN1cHqVXzWdT+fOH9m4BM12SSXkp5clP5Rj955Vh/4Lj1faD+FGwjiQ==",
        "dependencies": {
          "runtime.android-arm.runtime.native.System.IO.Ports": "10.0.0",
          "runtime.android-arm64.runtime.native.System.IO.Ports": "10.0.0",
          "runtime.android-x64.runtime.native.System.IO.Ports": "10.0.0",
          "runtime.android-x86.runtime.native.System.IO.Ports": "10.0.0",
          "runtime.linux-arm.runtime.native.System.IO.Ports": "10.0.0",
          "runtime.linux-arm64.runtime.native.System.IO.Ports": "10.0.0",
          "runtime.linux-bionic-arm64.runtime.native.System.IO.Ports": "10.0.0",
          "runtime.linux-bionic-x64.runtime.native.System.IO.Ports": "10.0.0",
          "runtime.linux-musl-arm.runtime.native.System.IO.Ports": "10.0.0",
          "runtime.linux-musl-arm64.runtime.native.System.IO.Ports": "10.0.0",
          "runtime.linux-musl-x64.runtime.native.System.IO.Ports": "10.0.0",
          "runtime.linux-x64.runtime.native.System.IO.Ports": "10.0.0",
          "runtime.maccatalyst-arm64.runtime.native.System.IO.Ports": "10.0.0",
          "runtime.maccatalyst-x64.runtime.native.System.IO.Ports": "10.0.0",
          "runtime.osx-arm64.runtime.native.System.IO.Ports": "10.0.0",
          "runtime.osx-x64.runtime.native.System.IO.Ports": "10.0.0"
        }
      },
      "runtime.osx-arm64.runtime.native.System.IO.Ports": {
        "type": "Transitive",
        "resolved": "10.0.0",
        "contentHash": "UrTKcNTBfHCvwmMJHJotiY8FVcQu1mk73b+AsLmVlu0S3Z27VvwWgd3fcw1CjkqX45BoVYMCE3JNhIExIKSrzQ=="
      },
      "runtime.osx-x64.runtime.native.System.IO.Ports": {
        "type": "Transitive",
        "resolved": "10.0.0",
        "contentHash": "kggkJk7S8OcoOLa9OyrP2zQ/eStiKHOytWVK8lJuRckzcz52eUgDo66+d9n2KciukcNmeAbmSHEY6fh2n394Jg=="
      },
      "Timestamps": {
        "type": "Transitive",
        "resolved": "1.0.12",
        "contentHash": "J4tykk0YeLKgCDgO7BHS5yZnMj+cU+dB1OJg+JsLrwN1weV0pFKXX2Z+GKml7iltW8BeF9kMsqOJMWX8v42dhg=="
      },
      "UrlMatcher": {
        "type": "Transitive",
        "resolved": "3.0.2",
        "contentHash": "JZJPMwSGfCqv6J1FGPU4PRihu20eSnlYQGfymrMsepLaL1sdAimy4MV+5wdlyJATK2gzccavEMzYBOisWddH9g=="
      },
      "dataservice.core": {
        "type": "Project",
        "dependencies": {
          "Konscious.Security.Cryptography.Argon2": "[1.3.1, )"
        }
      },
      "dataservice.infrastructure": {
        "type": "Project",
        "dependencies": {
          "DataService.Core": "[1.6.0, )",
          "System.IO.Ports": "[10.0.0, )"
        }
      },
      "dataservice.protocols.abstractions": {
        "type": "Project",
        "dependencies": {
          "DataService.Core": "[1.6.0, )"
        }
      },
      "Konscious.Security.Cryptography.Argon2": {
        "type": "CentralTransitive",
        "requested": "[1.3.1, )",
        "resolved": "1.3.1",
        "contentHash": "T+OAGwzYYXftahpOxO7J4xA5K6urxwGnWQf3M+Jpi+76Azv/0T3M5SuN+h7/QvXuiqNw3ZEZ5QqVLI5ygDAylw==",
        "dependencies": {
          "Konscious.Security.Cryptography.Blake2": "1.1.1"
        }
      },
      "System.IO.Ports": {
        "type": "CentralTransitive",
        "requested": "[10.0.0, )",
        "resolved": "10.0.0",
        "contentHash": "UT9dTPqoEjG5AuPu2NA29hBlNyW2bGIVv/CoV2I2IjIRRnAzbXHVRdVZG5NKfuWTLmpQZfAaEAWV9MSn3VDrtg==",
        "dependencies": {
          "runtime.native.System.IO.Ports": "10.0.0"
        }
      }
    }
  }
}