{
  "version": 2,
  "dependencies": {
    "net10.0": {
      "Watson": {
        "type": "Direct",
        "requested": "[7.0.15, )",
        "resolved": "7.0.15",
        "contentHash": "G4eG3QYLOnn1m/UgjpIt5sNIqbhJisze9QHWpReLMHE2vXXIo7B41RZTnlCtaCqCaT6wmDgRxlDJTLXyQBbB3w==",
        "dependencies": {
          "IpMatcher": "1.0.5",
          "RegexMatcher": "1.0.9",
          "Timestamps": "1.0.12",
          "UrlMatcher": "3.0.2"
        }
      },
      "IpMatcher": {
        "type": "Transitive",
        "resolved": "1.0.5",
        "contentHash": "WXNlWERj+0GN699AnMNsuJ7PfUAbU4xhOHP3nrNXLHqbOaBxybu25luSYywX1133NSlitA4YkSNmJuyPvea4sw=="
      },
      "Konscious.Security.Cryptography.Blake2": {
        "type": "Transitive",
        "resolved": "1.1.1",
        "contentHash": "odwOyzj/J/lHJZNwFWJGU/LRecBShupAJ2S8TQqZfhUe9niHzu/voBYK5wuVKsvSpzbfupKQYZguVyIk1sgOkQ=="
      },
      "RegexMatcher": {
        "type": "Transitive",
        "resolved": "1.0.9",
        "contentHash": "RkQGXIrqHjD5h1mqefhgCbkaSdRYNRG5rrbzyw5zeLWiS0K1wq9xR3cNhQdzYR2MsKZ3GN523yRUsEQIMPxh3Q=="
      },
      "Timestamps": {
        "type": "Transitive",
        "resolved": "1.0.12",
        "contentHash": "J4tykk0YeLKgCDgO7BHS5yZnMj+cU+dB1OJg+JsLrwN1weV0pFKXX2Z+GKml7iltW8BeF9kMsqOJMWX8v42dhg=="
      },
      "UrlMatcher": {
        "type": "Transitive",
        "resolved": "3.0.2",
        "contentHash": "JZJPMwSGfCqv6J1FGPU4PRihu20eSnlYQGfymrMsepLaL1sdAimy4MV+5wdlyJATK2gzccavEMzYBOisWddH9g=="
      },
      "dataservice.core": {
        "type": "Project",
        "dependencies": {
          "Konscious.Security.Cryptography.Argon2": "[1.3.1, )"
        }
      },
      "dataservice.infrastructure": {
        "type": "Project",
        "dependencies": {
          "DataService.Core": "[1.4.0, )"
        }
      },
      "dataservice.protocols.abstractions": {
        "type": "Project",
        "dependencies": {
          "DataService.Core": "[1.4.0, )"
        }
      },
      "Konscious.Security.Cryptography.Argon2": {
        "type": "CentralTransitive",
        "requested": "[1.3.1, )",
        "resolved": "1.3.1",
        "contentHash": "T+OAGwzYYXftahpOxO7J4xA5K6urxwGnWQf3M+Jpi+76Azv/0T3M5SuN+h7/QvXuiqNw3ZEZ5QqVLI5ygDAylw==",
        "dependencies": {
          "Konscious.Security.Cryptography.Blake2": "1.1.1"
        }
      }
    }
  }
}